
Microsoft Visual Studio Solution File, Format Version 12.00
# Visual Studio for Mac
Project("{FAE04EC0-301F-11D3-BF4B-00C04F79EFBC}") = "Assembly-CSharp", "Assembly-CSharp.csproj", "{A3C5D10E-6B5C-A2D6-7CBE-17D6218AF7DF}"
EndProject
Project("{FAE04EC0-301F-11D3-BF4B-00C04F79EFBC}") = "Assembly-CSharp-Editor", "Assembly-CSharp-Editor.csproj", "{FC508AE3-81E2-294E-6161-2AFB7F80B8BA}"
EndProject
Global
	GlobalSection(SolutionConfigurationPlatforms) = preSolution
		Debug|Any CPU = Debug|Any CPU
		Release|Any CPU = Release|Any CPU
	EndGlobalSection
	GlobalSection(ProjectConfigurationPlatforms) = postSolution
		{A3C5D10E-6B5C-A2D6-7CBE-17D6218AF7DF}.Debug|Any CPU.ActiveCfg = Debug|Any CPU
		{A3C5D10E-6B5C-A2D6-7CBE-17D6218AF7DF}.Debug|Any CPU.Build.0 = Debug|Any CPU
		{A3C5D10E-6B5C-A2D6-7CBE-17D6218AF7DF}.Release|Any CPU.ActiveCfg = Release|Any CPU
		{A3C5D10E-6B5C-A2D6-7CBE-17D6218AF7DF}.Release|Any CPU.Build.0 = Release|Any CPU
		{FC508AE3-81E2-294E-6161-2AFB7F80B8BA}.Debug|Any CPU.ActiveCfg = Debug|Any CPU
		{FC508AE3-81E2-294E-6161-2AFB7F80B8BA}.Debug|Any CPU.Build.0 = Debug|Any CPU
		{FC508AE3-81E2-294E-6161-2AFB7F80B8BA}.Release|Any CPU.ActiveCfg = Release|Any CPU
		{FC508AE3-81E2-294E-6161-2AFB7F80B8BA}.Release|Any CPU.Build.0 = Release|Any CPU
	EndGlobalSection
	GlobalSection(SolutionProperties) = preSolution
		HideSolutionNode = FALSE
	EndGlobalSection
EndGlobal
